
Microsoft Visual Studio Solution File, Format Version 12.00
# Visual Studio 15
VisualStudioVersion = 15.0.28307.757
MinimumVisualStudioVersion = 10.0.40219.1
Project("{FAE04EC0-301F-11D3-BF4B-00C04F79EFBC}") = "Sales.Android", "Sales\Sales.Android\Sales.Android.csproj", "{998B9CEC-A372-4333-8822-9DD3B4DFCEF0}"
EndProject
Project("{FAE04EC0-301F-11D3-BF4B-00C04F79EFBC}") = "Sales.iOS", "Sales\Sales.iOS\Sales.iOS.csproj", "{FCA6BD56-B395-4D5C-8299-33062777FAA2}"
EndProject
Project("{9A19103F-16F7-4668-BE54-9A1E7A4F7556}") = "Sales", "Sales\Sales\Sales.csproj", "{C5D06DF6-8567-42DC-90C5-4DC80B3A55DA}"
EndProject
Project("{FAE04EC0-301F-11D3-BF4B-00C04F79EFBC}") = "Sales.Backend", "Sales.Backend\Sales.Backend.csproj", "{3D65806B-573B-4FF9-ADE5-46B18F3321A5}"
EndProject
Project("{FAE04EC0-301F-11D3-BF4B-00C04F79EFBC}") = "Sales.API", "Sales.API\Sales.API.csproj", "{8D354BDF-D574-41A3-BAAF-193F50B50AE7}"
EndProject
Project("{FAE04EC0-301F-11D3-BF4B-00C04F79EFBC}") = "Sales.Domain", "Sales.Domain\Sales.Domain.csproj", "{7F3AF994-6590-418A-9F08-062DB8ABE6D1}"
EndProject
Project("{FAE04EC0-301F-11D3-BF4B-00C04F79EFBC}") = "Sales.Common", "Sales.Common\Sales.Common.csproj", "{1FA54704-4566-453E-93C9-BA797701293E}"
EndProject
Global
	GlobalSection(SolutionConfigurationPlatforms) = preSolution
		Ad-Hoc|Any CPU = Ad-Hoc|Any CPU
		Ad-Hoc|iPhone = Ad-Hoc|iPhone
		Ad-Hoc|iPhoneSimulator = Ad-Hoc|iPhoneSimulator
		AppStore|Any CPU = AppStore|Any CPU
		AppStore|iPhone = AppStore|iPhone
		AppStore|iPhoneSimulator = AppStore|iPhoneSimulator
		Debug|Any CPU = Debug|Any CPU
		Debug|iPhone = Debug|iPhone
		Debug|iPhoneSimulator = Debug|iPhoneSimulator
		Release|Any CPU = Release|Any CPU
		Release|iPhone = Release|iPhone
		Release|iPhoneSimulator = Release|iPhoneSimulator
	EndGlobalSection
	GlobalSection(ProjectConfigurationPlatforms) = postSolution
		{998B9CEC-A372-4333-8822-9DD3B4DFCEF0}.Ad-Hoc|Any CPU.ActiveCfg = Release|Any CPU
		{998B9CEC-A372-4333-8822-9DD3B4DFCEF0}.Ad-Hoc|Any CPU.Build.0 = Release|Any CPU
		{998B9CEC-A372-4333-8822-9DD3B4DFCEF0}.Ad-Hoc|Any CPU.Deploy.0 = Release|Any CPU
		{998B9CEC-A372-4333-8822-9DD3B4DFCEF0}.Ad-Hoc|iPhone.ActiveCfg = Release|Any CPU
		{998B9CEC-A372-4333-8822-9DD3B4DFCEF0}.Ad-Hoc|iPhone.Build.0 = Release|Any CPU
		{998B9CEC-A372-4333-8822-9DD3B4DFCEF0}.Ad-Hoc|iPhone.Deploy.0 = Release|Any CPU
		{998B9CEC-A372-4333-8822-9DD3B4DFCEF0}.Ad-Hoc|iPhoneSimulator.ActiveCfg = Release|Any CPU
		{998B9CEC-A372-4333-8822-9DD3B4DFCEF0}.Ad-Hoc|iPhoneSimulator.Build.0 = Release|Any CPU
		{998B9CEC-A372-4333-8822-9DD3B4DFCEF0}.Ad-Hoc|iPhoneSimulator.Deploy.0 = Release|Any CPU
		{998B9CEC-A372-4333-8822-9DD3B4DFCEF0}.AppStore|Any CPU.ActiveCfg = Release|Any CPU
		{998B9CEC-A372-4333-8822-9DD3B4DFCEF0}.AppStore|Any CPU.Build.0 = Release|Any CPU
		{998B9CEC-A372-4333-8822-9DD3B4DFCEF0}.AppStore|Any CPU.Deploy.0 = Release|Any CPU
		{998B9CEC-A372-4333-8822-9DD3B4DFCEF0}.AppStore|iPhone.ActiveCfg = Release|Any CPU
		{998B9CEC-A372-4333-8822-9DD3B4DFCEF0}.AppStore|iPhone.Build.0 = Release|Any CPU
		{998B9CEC-A372-4333-8822-9DD3B4DFCEF0}.AppStore|iPhone.Deploy.0 = Release|Any CPU
		{998B9CEC-A372-4333-8822-9DD3B4DFCEF0}.AppStore|iPhoneSimulator.ActiveCfg = Release|Any CPU
		{998B9CEC-A372-4333-8822-9DD3B4DFCEF0}.AppStore|iPhoneSimulator.Build.0 = Release|Any CPU
		{998B9CEC-A372-4333-8822-9DD3B4DFCEF0}.AppStore|iPhoneSimulator.Deploy.0 = Release|Any CPU
		{998B9CEC-A372-4333-8822-9DD3B4DFCEF0}.Debug|Any CPU.ActiveCfg = Debug|Any CPU
		{998B9CEC-A372-4333-8822-9DD3B4DFCEF0}.Debug|Any CPU.Build.0 = Debug|Any CPU
		{998B9CEC-A372-4333-8822-9DD3B4DFCEF0}.Debug|Any CPU.Deploy.0 = Debug|Any CPU
		{998B9CEC-A372-4333-8822-9DD3B4DFCEF0}.Debug|iPhone.ActiveCfg = Debug|Any CPU
		{998B9CEC-A372-4333-8822-9DD3B4DFCEF0}.Debug|iPhone.Build.0 = Debug|Any CPU
		{998B9CEC-A372-4333-8822-9DD3B4DFCEF0}.Debug|iPhone.Deploy.0 = Debug|Any CPU
		{998B9CEC-A372-4333-8822-9DD3B4DFCEF0}.Debug|iPhoneSimulator.ActiveCfg = Debug|Any CPU
		{998B9CEC-A372-4333-8822-9DD3B4DFCEF0}.Debug|iPhoneSimulator.Build.0 = Debug|Any CPU
		{998B9CEC-A372-4333-8822-9DD3B4DFCEF0}.Debug|iPhoneSimulator.Deploy.0 = Debug|Any CPU
		{998B9CEC-A372-4333-8822-9DD3B4DFCEF0}.Release|Any CPU.ActiveCfg = Release|Any CPU
		{998B9CEC-A372-4333-8822-9DD3B4DFCEF0}.Release|Any CPU.Build.0 = Release|Any CPU
		{998B9CEC-A372-4333-8822-9DD3B4DFCEF0}.Release|Any CPU.Deploy.0 = Release|Any CPU
		{998B9CEC-A372-4333-8822-9DD3B4DFCEF0}.Release|iPhone.ActiveCfg = Release|Any CPU
		{998B9CEC-A372-4333-8822-9DD3B4DFCEF0}.Release|iPhone.Build.0 = Release|Any CPU
		{998B9CEC-A372-4333-8822-9DD3B4DFCEF0}.Release|iPhone.Deploy.0 = Release|Any CPU
		{998B9CEC-A372-4333-8822-9DD3B4DFCEF0}.Release|iPhoneSimulator.ActiveCfg = Release|Any CPU
		{998B9CEC-A372-4333-8822-9DD3B4DFCEF0}.Release|iPhoneSimulator.Build.0 = Release|Any CPU
		{998B9CEC-A372-4333-8822-9DD3B4DFCEF0}.Release|iPhoneSimulator.Deploy.0 = Release|Any CPU
		{FCA6BD56-B395-4D5C-8299-33062777FAA2}.Ad-Hoc|Any CPU.ActiveCfg = Ad-Hoc|iPhone
		{FCA6BD56-B395-4D5C-8299-33062777FAA2}.Ad-Hoc|Any CPU.Build.0 = Ad-Hoc|iPhone
		{FCA6BD56-B395-4D5C-8299-33062777FAA2}.Ad-Hoc|Any CPU.Deploy.0 = Ad-Hoc|iPhone
		{FCA6BD56-B395-4D5C-8299-33062777FAA2}.Ad-Hoc|iPhone.ActiveCfg = Ad-Hoc|iPhone
		{FCA6BD56-B395-4D5C-8299-33062777FAA2}.Ad-Hoc|iPhone.Build.0 = Ad-Hoc|iPhone
		{FCA6BD56-B395-4D5C-8299-33062777FAA2}.Ad-Hoc|iPhone.Deploy.0 = Ad-Hoc|iPhone
		{FCA6BD56-B395-4D5C-8299-33062777FAA2}.Ad-Hoc|iPhoneSimulator.ActiveCfg = Ad-Hoc|iPhoneSimulator
		{FCA6BD56-B395-4D5C-8299-33062777FAA2}.Ad-Hoc|iPhoneSimulator.Build.0 = Ad-Hoc|iPhoneSimulator
		{FCA6BD56-B395-4D5C-8299-33062777FAA2}.Ad-Hoc|iPhoneSimulator.Deploy.0 = Ad-Hoc|iPhoneSimulator
		{FCA6BD56-B395-4D5C-8299-33062777FAA2}.AppStore|Any CPU.ActiveCfg = AppStore|iPhone
		{FCA6BD56-B395-4D5C-8299-33062777FAA2}.AppStore|Any CPU.Build.0 = AppStore|iPhone
		{FCA6BD56-B395-4D5C-8299-33062777FAA2}.AppStore|Any CPU.Deploy.0 = AppStore|iPhone
		{FCA6BD56-B395-4D5C-8299-33062777FAA2}.AppStore|iPhone.ActiveCfg = AppStore|iPhone
		{FCA6BD56-B395-4D5C-8299-33062777FAA2}.AppStore|iPhone.Build.0 = AppStore|iPhone
		{FCA6BD56-B395-4D5C-8299-33062777FAA2}.AppStore|iPhone.Deploy.0 = AppStore|iPhone
		{FCA6BD56-B395-4D5C-8299-33062777FAA2}.AppStore|iPhoneSimulator.ActiveCfg = AppStore|iPhoneSimulator
		{FCA6BD56-B395-4D5C-8299-33062777FAA2}.AppStore|iPhoneSimulator.Build.0 = AppStore|iPhoneSimulator
		{FCA6BD56-B395-4D5C-8299-33062777FAA2}.AppStore|iPhoneSimulator.Deploy.0 = AppStore|iPhoneSimulator
		{FCA6BD56-B395-4D5C-8299-33062777FAA2}.Debug|Any CPU.ActiveCfg = Debug|iPhoneSimulator
		{FCA6BD56-B395-4D5C-8299-33062777FAA2}.Debug|Any CPU.Build.0 = Debug|iPhoneSimulator
		{FCA6BD56-B395-4D5C-8299-33062777FAA2}.Debug|Any CPU.Deploy.0 = Debug|iPhoneSimulator
		{FCA6BD56-B395-4D5C-8299-33062777FAA2}.Debug|iPhone.ActiveCfg = Debug|iPhone
		{FCA6BD56-B395-4D5C-8299-33062777FAA2}.Debug|iPhone.Build.0 = Debug|iPhone
		{FCA6BD56-B395-4D5C-8299-33062777FAA2}.Debug|iPhone.Deploy.0 = Debug|iPhone
		{FCA6BD56-B395-4D5C-8299-33062777FAA2}.Debug|iPhoneSimulator.ActiveCfg = Debug|iPhoneSimulator
		{FCA6BD56-B395-4D5C-8299-33062777FAA2}.Debug|iPhoneSimulator.Build.0 = Debug|iPhoneSimulator
		{FCA6BD56-B395-4D5C-8299-33062777FAA2}.Debug|iPhoneSimulator.Deploy.0 = Debug|iPhoneSimulator
		{FCA6BD56-B395-4D5C-8299-33062777FAA2}.Release|Any CPU.ActiveCfg = Release|iPhone
		{FCA6BD56-B395-4D5C-8299-33062777FAA2}.Release|Any CPU.Build.0 = Release|iPhone
		{FCA6BD56-B395-4D5C-8299-33062777FAA2}.Release|Any CPU.Deploy.0 = Release|iPhone
		{FCA6BD56-B395-4D5C-8299-33062777FAA2}.Release|iPhone.ActiveCfg = Release|iPhone
		{FCA6BD56-B395-4D5C-8299-33062777FAA2}.Release|iPhone.Build.0 = Release|iPhone
		{FCA6BD56-B395-4D5C-8299-33062777FAA2}.Release|iPhone.Deploy.0 = Release|iPhone
		{FCA6BD56-B395-4D5C-8299-33062777FAA2}.Release|iPhoneSimulator.ActiveCfg = Release|iPhoneSimulator
		{FCA6BD56-B395-4D5C-8299-33062777FAA2}.Release|iPhoneSimulator.Build.0 = Release|iPhoneSimulator
		{FCA6BD56-B395-4D5C-8299-33062777FAA2}.Release|iPhoneSimulator.Deploy.0 = Release|iPhoneSimulator
		{C5D06DF6-8567-42DC-90C5-4DC80B3A55DA}.Ad-Hoc|Any CPU.ActiveCfg = Debug|Any CPU
		{C5D06DF6-8567-42DC-90C5-4DC80B3A55DA}.Ad-Hoc|Any CPU.Build.0 = Debug|Any CPU
		{C5D06DF6-8567-42DC-90C5-4DC80B3A55DA}.Ad-Hoc|Any CPU.Deploy.0 = Debug|Any CPU
		{C5D06DF6-8567-42DC-90C5-4DC80B3A55DA}.Ad-Hoc|iPhone.ActiveCfg = Debug|Any CPU
		{C5D06DF6-8567-42DC-90C5-4DC80B3A55DA}.Ad-Hoc|iPhone.Build.0 = Debug|Any CPU
		{C5D06DF6-8567-42DC-90C5-4DC80B3A55DA}.Ad-Hoc|iPhone.Deploy.0 = Debug|Any CPU
		{C5D06DF6-8567-42DC-90C5-4DC80B3A55DA}.Ad-Hoc|iPhoneSimulator.ActiveCfg = Debug|Any CPU
		{C5D06DF6-8567-42DC-90C5-4DC80B3A55DA}.Ad-Hoc|iPhoneSimulator.Build.0 = Debug|Any CPU
		{C5D06DF6-8567-42DC-90C5-4DC80B3A55DA}.Ad-Hoc|iPhoneSimulator.Deploy.0 = Debug|Any CPU
		{C5D06DF6-8567-42DC-90C5-4DC80B3A55DA}.AppStore|Any CPU.ActiveCfg = Debug|Any CPU
		{C5D06DF6-8567-42DC-90C5-4DC80B3A55DA}.AppStore|Any CPU.Build.0 = Debug|Any CPU
		{C5D06DF6-8567-42DC-90C5-4DC80B3A55DA}.AppStore|Any CPU.Deploy.0 = Debug|Any CPU
		{C5D06DF6-8567-42DC-90C5-4DC80B3A55DA}.AppStore|iPhone.ActiveCfg = Debug|Any CPU
		{C5D06DF6-8567-42DC-90C5-4DC80B3A55DA}.AppStore|iPhone.Build.0 = Debug|Any CPU
		{C5D06DF6-8567-42DC-90C5-4DC80B3A55DA}.AppStore|iPhone.Deploy.0 = Debug|Any CPU
		{C5D06DF6-8567-42DC-90C5-4DC80B3A55DA}.AppStore|iPhoneSimulator.ActiveCfg = Debug|Any CPU
		{C5D06DF6-8567-42DC-90C5-4DC80B3A55DA}.AppStore|iPhoneSimulator.Build.0 = Debug|Any CPU
		{C5D06DF6-8567-42DC-90C5-4DC80B3A55DA}.AppStore|iPhoneSimulator.Deploy.0 = Debug|Any CPU
		{C5D06DF6-8567-42DC-90C5-4DC80B3A55DA}.Debug|Any CPU.ActiveCfg = Debug|Any CPU
		{C5D06DF6-8567-42DC-90C5-4DC80B3A55DA}.Debug|Any CPU.Build.0 = Debug|Any CPU
		{C5D06DF6-8567-42DC-90C5-4DC80B3A55DA}.Debug|Any CPU.Deploy.0 = Debug|Any CPU
		{C5D06DF6-8567-42DC-90C5-4DC80B3A55DA}.Debug|iPhone.ActiveCfg = Debug|Any CPU
		{C5D06DF6-8567-42DC-90C5-4DC80B3A55DA}.Debug|iPhone.Build.0 = Debug|Any CPU
		{C5D06DF6-8567-42DC-90C5-4DC80B3A55DA}.Debug|iPhone.Deploy.0 = Debug|Any CPU
		{C5D06DF6-8567-42DC-90C5-4DC80B3A55DA}.Debug|iPhoneSimulator.ActiveCfg = Debug|Any CPU
		{C5D06DF6-8567-42DC-90C5-4DC80B3A55DA}.Debug|iPhoneSimulator.Build.0 = Debug|Any CPU
		{C5D06DF6-8567-42DC-90C5-4DC80B3A55DA}.Debug|iPhoneSimulator.Deploy.0 = Debug|Any CPU
		{C5D06DF6-8567-42DC-90C5-4DC80B3A55DA}.Release|Any CPU.ActiveCfg = Release|Any CPU
		{C5D06DF6-8567-42DC-90C5-4DC80B3A55DA}.Release|Any CPU.Build.0 = Release|Any CPU
		{C5D06DF6-8567-42DC-90C5-4DC80B3A55DA}.Release|Any CPU.Deploy.0 = Release|Any CPU
		{C5D06DF6-8567-42DC-90C5-4DC80B3A55DA}.Release|iPhone.ActiveCfg = Release|Any CPU
		{C5D06DF6-8567-42DC-90C5-4DC80B3A55DA}.Release|iPhone.Build.0 = Release|Any CPU
		{C5D06DF6-8567-42DC-90C5-4DC80B3A55DA}.Release|iPhone.Deploy.0 = Release|Any CPU
		{C5D06DF6-8567-42DC-90C5-4DC80B3A55DA}.Release|iPhoneSimulator.ActiveCfg = Release|Any CPU
		{C5D06DF6-8567-42DC-90C5-4DC80B3A55DA}.Release|iPhoneSimulator.Build.0 = Release|Any CPU
		{C5D06DF6-8567-42DC-90C5-4DC80B3A55DA}.Release|iPhoneSimulator.Deploy.0 = Release|Any CPU
		{3D65806B-573B-4FF9-ADE5-46B18F3321A5}.Ad-Hoc|Any CPU.ActiveCfg = Release|Any CPU
		{3D65806B-573B-4FF9-ADE5-46B18F3321A5}.Ad-Hoc|Any CPU.Build.0 = Release|Any CPU
		{3D65806B-573B-4FF9-ADE5-46B18F3321A5}.Ad-Hoc|iPhone.ActiveCfg = Release|Any CPU
		{3D65806B-573B-4FF9-ADE5-46B18F3321A5}.Ad-Hoc|iPhone.Build.0 = Release|Any CPU
		{3D65806B-573B-4FF9-ADE5-46B18F3321A5}.Ad-Hoc|iPhoneSimulator.ActiveCfg = Release|Any CPU
		{3D65806B-573B-4FF9-ADE5-46B18F3321A5}.Ad-Hoc|iPhoneSimulator.Build.0 = Release|Any CPU
		{3D65806B-573B-4FF9-ADE5-46B18F3321A5}.AppStore|Any CPU.ActiveCfg = Release|Any CPU
		{3D65806B-573B-4FF9-ADE5-46B18F3321A5}.AppStore|Any CPU.Build.0 = Release|Any CPU
		{3D65806B-573B-4FF9-ADE5-46B18F3321A5}.AppStore|iPhone.ActiveCfg = Release|Any CPU
		{3D65806B-573B-4FF9-ADE5-46B18F3321A5}.AppStore|iPhone.Build.0 = Release|Any CPU
		{3D65806B-573B-4FF9-ADE5-46B18F3321A5}.AppStore|iPhoneSimulator.ActiveCfg = Release|Any CPU
		{3D65806B-573B-4FF9-ADE5-46B18F3321A5}.AppStore|iPhoneSimulator.Build.0 = Release|Any CPU
		{3D65806B-573B-4FF9-ADE5-46B18F3321A5}.Debug|Any CPU.ActiveCfg = Debug|Any CPU
		{3D65806B-573B-4FF9-ADE5-46B18F3321A5}.Debug|Any CPU.Build.0 = Debug|Any CPU
		{3D65806B-573B-4FF9-ADE5-46B18F3321A5}.Debug|iPhone.ActiveCfg = Debug|Any CPU
		{3D65806B-573B-4FF9-ADE5-46B18F3321A5}.Debug|iPhone.Build.0 = Debug|Any CPU
		{3D65806B-573B-4FF9-ADE5-46B18F3321A5}.Debug|iPhoneSimulator.ActiveCfg = Debug|Any CPU
		{3D65806B-573B-4FF9-ADE5-46B18F3321A5}.Debug|iPhoneSimulator.Build.0 = Debug|Any CPU
		{3D65806B-573B-4FF9-ADE5-46B18F3321A5}.Release|Any CPU.ActiveCfg = Release|Any CPU
		{3D65806B-573B-4FF9-ADE5-46B18F3321A5}.Release|Any CPU.Build.0 = Release|Any CPU
		{3D65806B-573B-4FF9-ADE5-46B18F3321A5}.Release|iPhone.ActiveCfg = Release|Any CPU
		{3D65806B-573B-4FF9-ADE5-46B18F3321A5}.Release|iPhone.Build.0 = Release|Any CPU
		{3D65806B-573B-4FF9-ADE5-46B18F3321A5}.Release|iPhoneSimulator.ActiveCfg = Release|Any CPU
		{3D65806B-573B-4FF9-ADE5-46B18F3321A5}.Release|iPhoneSimulator.Build.0 = Release|Any CPU
		{8D354BDF-D574-41A3-BAAF-193F50B50AE7}.Ad-Hoc|Any CPU.ActiveCfg = Release|Any CPU
		{8D354BDF-D574-41A3-BAAF-193F50B50AE7}.Ad-Hoc|Any CPU.Build.0 = Release|Any CPU
		{8D354BDF-D574-41A3-BAAF-193F50B50AE7}.Ad-Hoc|iPhone.ActiveCfg = Release|Any CPU
		{8D354BDF-D574-41A3-BAAF-193F50B50AE7}.Ad-Hoc|iPhone.Build.0 = Release|Any CPU
		{8D354BDF-D574-41A3-BAAF-193F50B50AE7}.Ad-Hoc|iPhoneSimulator.ActiveCfg = Release|Any CPU
		{8D354BDF-D574-41A3-BAAF-193F50B50AE7}.Ad-Hoc|iPhoneSimulator.Build.0 = Release|Any CPU
		{8D354BDF-D574-41A3-BAAF-193F50B50AE7}.AppStore|Any CPU.ActiveCfg = Release|Any CPU
		{8D354BDF-D574-41A3-BAAF-193F50B50AE7}.AppStore|Any CPU.Build.0 = Release|Any CPU
		{8D354BDF-D574-41A3-BAAF-193F50B50AE7}.AppStore|iPhone.ActiveCfg = Release|Any CPU
		{8D354BDF-D574-41A3-BAAF-193F50B50AE7}.AppStore|iPhone.Build.0 = Release|Any CPU
		{8D354BDF-D574-41A3-BAAF-193F50B50AE7}.AppStore|iPhoneSimulator.ActiveCfg = Release|Any CPU
		{8D354BDF-D574-41A3-BAAF-193F50B50AE7}.AppStore|iPhoneSimulator.Build.0 = Release|Any CPU
		{8D354BDF-D574-41A3-BAAF-193F50B50AE7}.Debug|Any CPU.ActiveCfg = Debug|Any CPU
		{8D354BDF-D574-41A3-BAAF-193F50B50AE7}.Debug|Any CPU.Build.0 = Debug|Any CPU
		{8D354BDF-D574-41A3-BAAF-193F50B50AE7}.Debug|iPhone.ActiveCfg = Debug|Any CPU
		{8D354BDF-D574-41A3-BAAF-193F50B50AE7}.Debug|iPhone.Build.0 = Debug|Any CPU
		{8D354BDF-D574-41A3-BAAF-193F50B50AE7}.Debug|iPhoneSimulator.ActiveCfg = Debug|Any CPU
		{8D354BDF-D574-41A3-BAAF-193F50B50AE7}.Debug|iPhoneSimulator.Build.0 = Debug|Any CPU
		{8D354BDF-D574-41A3-BAAF-193F50B50AE7}.Release|Any CPU.ActiveCfg = Release|Any CPU
		{8D354BDF-D574-41A3-BAAF-193F50B50AE7}.Release|Any CPU.Build.0 = Release|Any CPU
		{8D354BDF-D574-41A3-BAAF-193F50B50AE7}.Release|iPhone.ActiveCfg = Release|Any CPU
		{8D354BDF-D574-41A3-BAAF-193F50B50AE7}.Release|iPhone.Build.0 = Release|Any CPU
		{8D354BDF-D574-41A3-BAAF-193F50B50AE7}.Release|iPhoneSimulator.ActiveCfg = Release|Any CPU
		{8D354BDF-D574-41A3-BAAF-193F50B50AE7}.Release|iPhoneSimulator.Build.0 = Release|Any CPU
		{7F3AF994-6590-418A-9F08-062DB8ABE6D1}.Ad-Hoc|Any CPU.ActiveCfg = Release|Any CPU
		{7F3AF994-6590-418A-9F08-062DB8ABE6D1}.Ad-Hoc|Any CPU.Build.0 = Release|Any CPU
		{7F3AF994-6590-418A-9F08-062DB8ABE6D1}.Ad-Hoc|iPhone.ActiveCfg = Release|Any CPU
		{7F3AF994-6590-418A-9F08-062DB8ABE6D1}.Ad-Hoc|iPhone.Build.0 = Release|Any CPU
		{7F3AF994-6590-418A-9F08-062DB8ABE6D1}.Ad-Hoc|iPhoneSimulator.ActiveCfg = Release|Any CPU
		{7F3AF994-6590-418A-9F08-062DB8ABE6D1}.Ad-Hoc|iPhoneSimulator.Build.0 = Release|Any CPU
		{7F3AF994-6590-418A-9F08-062DB8ABE6D1}.AppStore|Any CPU.ActiveCfg = Release|Any CPU
		{7F3AF994-6590-418A-9F08-062DB8ABE6D1}.AppStore|Any CPU.Build.0 = Release|Any CPU
		{7F3AF994-6590-418A-9F08-062DB8ABE6D1}.AppStore|iPhone.ActiveCfg = Release|Any CPU
		{7F3AF994-6590-418A-9F08-062DB8ABE6D1}.AppStore|iPhone.Build.0 = Release|Any CPU
		{7F3AF994-6590-418A-9F08-062DB8ABE6D1}.AppStore|iPhoneSimulator.ActiveCfg = Release|Any CPU
		{7F3AF994-6590-418A-9F08-062DB8ABE6D1}.AppStore|iPhoneSimulator.Build.0 = Release|Any CPU
		{7F3AF994-6590-418A-9F08-062DB8ABE6D1}.Debug|Any CPU.ActiveCfg = Debug|Any CPU
		{7F3AF994-6590-418A-9F08-062DB8ABE6D1}.Debug|Any CPU.Build.0 = Debug|Any CPU
		{7F3AF994-6590-418A-9F08-062DB8ABE6D1}.Debug|iPhone.ActiveCfg = Debug|Any CPU
		{7F3AF994-6590-418A-9F08-062DB8ABE6D1}.Debug|iPhone.Build.0 = Debug|Any CPU
		{7F3AF994-6590-418A-9F08-062DB8ABE6D1}.Debug|iPhoneSimulator.ActiveCfg = Debug|Any CPU
		{7F3AF994-6590-418A-9F08-062DB8ABE6D1}.Debug|iPhoneSimulator.Build.0 = Debug|Any CPU
		{7F3AF994-6590-418A-9F08-062DB8ABE6D1}.Release|Any CPU.ActiveCfg = Release|Any CPU
		{7F3AF994-6590-418A-9F08-062DB8ABE6D1}.Release|Any CPU.Build.0 = Release|Any CPU
		{7F3AF994-6590-418A-9F08-062DB8ABE6D1}.Release|iPhone.ActiveCfg = Release|Any CPU
		{7F3AF994-6590-418A-9F08-062DB8ABE6D1}.Release|iPhone.Build.0 = Release|Any CPU
		{7F3AF994-6590-418A-9F08-062DB8ABE6D1}.Release|iPhoneSimulator.ActiveCfg = Release|Any CPU
		{7F3AF994-6590-418A-9F08-062DB8ABE6D1}.Release|iPhoneSimulator.Build.0 = Release|Any CPU
		{1FA54704-4566-453E-93C9-BA797701293E}.Ad-Hoc|Any CPU.ActiveCfg = Release|Any CPU
		{1FA54704-4566-453E-93C9-BA797701293E}.Ad-Hoc|Any CPU.Build.0 = Release|Any CPU
		{1FA54704-4566-453E-93C9-BA797701293E}.Ad-Hoc|iPhone.ActiveCfg = Release|Any CPU
		{1FA54704-4566-453E-93C9-BA797701293E}.Ad-Hoc|iPhone.Build.0 = Release|Any CPU
		{1FA54704-4566-453E-93C9-BA797701293E}.Ad-Hoc|iPhoneSimulator.ActiveCfg = Release|Any CPU
		{1FA54704-4566-453E-93C9-BA797701293E}.Ad-Hoc|iPhoneSimulator.Build.0 = Release|Any CPU
		{1FA54704-4566-453E-93C9-BA797701293E}.AppStore|Any CPU.ActiveCfg = Release|Any CPU
		{1FA54704-4566-453E-93C9-BA797701293E}.AppStore|Any CPU.Build.0 = Release|Any CPU
		{1FA54704-4566-453E-93C9-BA797701293E}.AppStore|iPhone.ActiveCfg = Release|Any CPU
		{1FA54704-4566-453E-93C9-BA797701293E}.AppStore|iPhone.Build.0 = Release|Any CPU
		{1FA54704-4566-453E-93C9-BA797701293E}.AppStore|iPhoneSimulator.ActiveCfg = Release|Any CPU
		{1FA54704-4566-453E-93C9-BA797701293E}.AppStore|iPhoneSimulator.Build.0 = Release|Any CPU
		{1FA54704-4566-453E-93C9-BA797701293E}.Debug|Any CPU.ActiveCfg = Debug|Any CPU
		{1FA54704-4566-453E-93C9-BA797701293E}.Debug|Any CPU.Build.0 = Debug|Any CPU
		{1FA54704-4566-453E-93C9-BA797701293E}.Debug|iPhone.ActiveCfg = Debug|Any CPU
		{1FA54704-4566-453E-93C9-BA797701293E}.Debug|iPhone.Build.0 = Debug|Any CPU
		{1FA54704-4566-453E-93C9-BA797701293E}.Debug|iPhoneSimulator.ActiveCfg = Debug|Any CPU
		{1FA54704-4566-453E-93C9-BA797701293E}.Debug|iPhoneSimulator.Build.0 = Debug|Any CPU
		{1FA54704-4566-453E-93C9-BA797701293E}.Release|Any CPU.ActiveCfg = Release|Any CPU
		{1FA54704-4566-453E-93C9-BA797701293E}.Release|Any CPU.Build.0 = Release|Any CPU
		{1FA54704-4566-453E-93C9-BA797701293E}.Release|iPhone.ActiveCfg = Release|Any CPU
		{1FA54704-4566-453E-93C9-BA797701293E}.Release|iPhone.Build.0 = Release|Any CPU
		{1FA54704-4566-453E-93C9-BA797701293E}.Release|iPhoneSimulator.ActiveCfg = Release|Any CPU
		{1FA54704-4566-453E-93C9-BA797701293E}.Release|iPhoneSimulator.Build.0 = Release|Any CPU
	EndGlobalSection
	GlobalSection(SolutionProperties) = preSolution
		HideSolutionNode = FALSE
	EndGlobalSection
	GlobalSection(ExtensibilityGlobals) = postSolution
		SolutionGuid = {2CF9D661-BCC6-40DA-B08A-3129E21C8FAD}
	EndGlobalSection
EndGlobal
